
Microsoft Visual Studio Solution File, Format Version 12.00
# Visual Studio Version 17
VisualStudioVersion = 17.5.33530.505
MinimumVisualStudioVersion = 10.0.40219.1
Project("{FAE04EC0-301F-11D3-BF4B-00C04F79EFBC}") = "MarketPlace.IdentityData", "MarketPlace.IdentityData\MarketPlace.IdentityData.csproj", "{48665068-9820-4201-B7BF-997AA20EE01A}"
EndProject
Global
	GlobalSection(SolutionConfigurationPlatforms) = preSolution
		Debug|Any CPU = Debug|Any CPU
		Release|Any CPU = Release|Any CPU
	EndGlobalSection
	GlobalSection(ProjectConfigurationPlatforms) = postSolution
		{48665068-9820-4201-B7BF-997AA20EE01A}.Debug|Any CPU.ActiveCfg = Debug|Any CPU
		{48665068-9820-4201-B7BF-997AA20EE01A}.Debug|Any CPU.Build.0 = Debug|Any CPU
		{48665068-9820-4201-B7BF-997AA20EE01A}.Release|Any CPU.ActiveCfg = Release|Any CPU
		{48665068-9820-4201-B7BF-997AA20EE01A}.Release|Any CPU.Build.0 = Release|Any CPU
	EndGlobalSection
	GlobalSection(SolutionProperties) = preSolution
		HideSolutionNode = FALSE
	EndGlobalSection
	GlobalSection(ExtensibilityGlobals) = postSolution
		SolutionGuid = {168083C6-C1A9-4192-9FEC-93A34E8CF4DE}
	EndGlobalSection
EndGlobal
