
Microsoft Visual Studio Solution File, Format Version 12.00
# Visual Studio Version 17
VisualStudioVersion = 17.0.31903.59
MinimumVisualStudioVersion = 10.0.40219.1
Project("{9A19103F-16F7-4668-BE54-9A1E7A4F7556}") = "MarketPlace.ChatApi", "src\MarketPlace.ChatApi\MarketPlace.ChatApi\MarketPlace.ChatApi.csproj", "{6BEA95B8-DFB7-4F2A-9A90-9A86A2964FD3}"
EndProject
Project("{9A19103F-16F7-4668-BE54-9A1E7A4F7556}") = "MarketPlace.ChatData", "src\MarketPlace.ChatData\MarketPlace.ChatData\MarketPlace.ChatData.csproj", "{C155446C-57EE-4C89-90B5-C37873F1248F}"
EndProject
Project("{9A19103F-16F7-4668-BE54-9A1E7A4F7556}") = "MarketPlace.IdentityApi", "src\MarketPlace.IdentityApi\MarketPlace.IdentityApi\MarketPlace.IdentityApi.csproj", "{C36A2E0B-D5DB-4294-ACA5-1FB5E5CEF1B0}"
EndProject
Project("{9A19103F-16F7-4668-BE54-9A1E7A4F7556}") = "MarketPlace.IdentityData", "src\MarketPlace.IdentityData\MarketPlace.IdentityData\MarketPlace.IdentityData.csproj", "{D4B20E1B-DE7B-4FD7-BA0E-EAAD385926C3}"
EndProject
Project("{9A19103F-16F7-4668-BE54-9A1E7A4F7556}") = "MarketPlace.ChatGateway", "src\MarketPlace.ChatGateway\MarketPlace.ChatGateway\MarketPlace.ChatGateway.csproj", "{5DC5F959-DFA5-418C-AC49-1A199E2A948B}"
EndProject
Global
	GlobalSection(SolutionConfigurationPlatforms) = preSolution
		Debug|Any CPU = Debug|Any CPU
		Release|Any CPU = Release|Any CPU
	EndGlobalSection
	GlobalSection(ProjectConfigurationPlatforms) = postSolution
		{6BEA95B8-DFB7-4F2A-9A90-9A86A2964FD3}.Debug|Any CPU.ActiveCfg = Debug|Any CPU
		{6BEA95B8-DFB7-4F2A-9A90-9A86A2964FD3}.Debug|Any CPU.Build.0 = Debug|Any CPU
		{6BEA95B8-DFB7-4F2A-9A90-9A86A2964FD3}.Release|Any CPU.ActiveCfg = Release|Any CPU
		{6BEA95B8-DFB7-4F2A-9A90-9A86A2964FD3}.Release|Any CPU.Build.0 = Release|Any CPU
		{C155446C-57EE-4C89-90B5-C37873F1248F}.Debug|Any CPU.ActiveCfg = Debug|Any CPU
		{C155446C-57EE-4C89-90B5-C37873F1248F}.Debug|Any CPU.Build.0 = Debug|Any CPU
		{C155446C-57EE-4C89-90B5-C37873F1248F}.Release|Any CPU.ActiveCfg = Release|Any CPU
		{C155446C-57EE-4C89-90B5-C37873F1248F}.Release|Any CPU.Build.0 = Release|Any CPU
		{C36A2E0B-D5DB-4294-ACA5-1FB5E5CEF1B0}.Debug|Any CPU.ActiveCfg = Debug|Any CPU
		{C36A2E0B-D5DB-4294-ACA5-1FB5E5CEF1B0}.Debug|Any CPU.Build.0 = Debug|Any CPU
		{C36A2E0B-D5DB-4294-ACA5-1FB5E5CEF1B0}.Release|Any CPU.ActiveCfg = Release|Any CPU
		{C36A2E0B-D5DB-4294-ACA5-1FB5E5CEF1B0}.Release|Any CPU.Build.0 = Release|Any CPU
		{D4B20E1B-DE7B-4FD7-BA0E-EAAD385926C3}.Debug|Any CPU.ActiveCfg = Debug|Any CPU
		{D4B20E1B-DE7B-4FD7-BA0E-EAAD385926C3}.Debug|Any CPU.Build.0 = Debug|Any CPU
		{D4B20E1B-DE7B-4FD7-BA0E-EAAD385926C3}.Release|Any CPU.ActiveCfg = Release|Any CPU
		{D4B20E1B-DE7B-4FD7-BA0E-EAAD385926C3}.Release|Any CPU.Build.0 = Release|Any CPU
		{5DC5F959-DFA5-418C-AC49-1A199E2A948B}.Debug|Any CPU.ActiveCfg = Debug|Any CPU
		{5DC5F959-DFA5-418C-AC49-1A199E2A948B}.Debug|Any CPU.Build.0 = Debug|Any CPU
		{5DC5F959-DFA5-418C-AC49-1A199E2A948B}.Release|Any CPU.ActiveCfg = Release|Any CPU
		{5DC5F959-DFA5-418C-AC49-1A199E2A948B}.Release|Any CPU.Build.0 = Release|Any CPU
	EndGlobalSection
	GlobalSection(SolutionProperties) = preSolution
		HideSolutionNode = FALSE
	EndGlobalSection
	GlobalSection(ExtensibilityGlobals) = postSolution
		SolutionGuid = {70410DFA-0FD6-4AF7-B043-BA6309426B7F}
	EndGlobalSection
EndGlobal
