
Microsoft Visual Studio Solution File, Format Version 12.00
# Visual Studio Version 17
VisualStudioVersion = 17.5.33530.505
MinimumVisualStudioVersion = 10.0.40219.1
Project("{FAE04EC0-301F-11D3-BF4B-00C04F79EFBC}") = "MarketPlace.ChatData", "MarketPlace.ChatData\MarketPlace.ChatData.csproj", "{EBF10CAD-9723-4D31-ABA3-7B7EFA399083}"
EndProject
Global
	GlobalSection(SolutionConfigurationPlatforms) = preSolution
		Debug|Any CPU = Debug|Any CPU
		Release|Any CPU = Release|Any CPU
	EndGlobalSection
	GlobalSection(ProjectConfigurationPlatforms) = postSolution
		{EBF10CAD-9723-4D31-ABA3-7B7EFA399083}.Debug|Any CPU.ActiveCfg = Debug|Any CPU
		{EBF10CAD-9723-4D31-ABA3-7B7EFA399083}.Debug|Any CPU.Build.0 = Debug|Any CPU
		{EBF10CAD-9723-4D31-ABA3-7B7EFA399083}.Release|Any CPU.ActiveCfg = Release|Any CPU
		{EBF10CAD-9723-4D31-ABA3-7B7EFA399083}.Release|Any CPU.Build.0 = Release|Any CPU
	EndGlobalSection
	GlobalSection(SolutionProperties) = preSolution
		HideSolutionNode = FALSE
	EndGlobalSection
	GlobalSection(ExtensibilityGlobals) = postSolution
		SolutionGuid = {FB54BAB5-AFA5-45AB-8620-DF45C4B6A535}
	EndGlobalSection
EndGlobal
