
Microsoft Visual Studio Solution File, Format Version 12.00
# Visual Studio Version 17
VisualStudioVersion = 17.0.31717.71
MinimumVisualStudioVersion = 10.0.40219.1
Project("{9A19103F-16F7-4668-BE54-9A1E7A4F7556}") = "ChatBlazor", "ChatBlazor.csproj", "{732272AF-5F88-426B-BE38-E44B3A63019E}"
EndProject
Global
	GlobalSection(SolutionConfigurationPlatforms) = preSolution
		Debug|Any CPU = Debug|Any CPU
		Release|Any CPU = Release|Any CPU
	EndGlobalSection
	GlobalSection(ProjectConfigurationPlatforms) = postSolution
		{732272AF-5F88-426B-BE38-E44B3A63019E}.Debug|Any CPU.ActiveCfg = Debug|Any CPU
		{732272AF-5F88-426B-BE38-E44B3A63019E}.Debug|Any CPU.Build.0 = Debug|Any CPU
		{732272AF-5F88-426B-BE38-E44B3A63019E}.Release|Any CPU.ActiveCfg = Release|Any CPU
		{732272AF-5F88-426B-BE38-E44B3A63019E}.Release|Any CPU.Build.0 = Release|Any CPU
	EndGlobalSection
	GlobalSection(SolutionProperties) = preSolution
		HideSolutionNode = FALSE
	EndGlobalSection
	GlobalSection(ExtensibilityGlobals) = postSolution
		SolutionGuid = {3AF6158E-93D8-49A1-86DD-985D98384368}
	EndGlobalSection
EndGlobal