
Microsoft Visual Studio Solution File, Format Version 12.00
# Visual Studio Version 17
VisualStudioVersion = 17.0.31903.59
MinimumVisualStudioVersion = 10.0.40219.1
Project("{9A19103F-16F7-4668-BE54-9A1E7A4F7556}") = "MarketPlace.ChatGateway", "MarketPlace.ChatGateway\MarketPlace.ChatGateway\MarketPlace.ChatGateway.csproj", "{D512AE35-F3D6-4B0C-B18B-BE9639F03AEE}"
EndProject
Project("{9A19103F-16F7-4668-BE54-9A1E7A4F7556}") = "MarketPlace.ChatData", "MarketPlace.ChatData\MarketPlace.ChatData\MarketPlace.ChatData.csproj", "{ADC3FD56-BA9F-450B-B60E-0AA3A1FC2B93}"
EndProject
Project("{9A19103F-16F7-4668-BE54-9A1E7A4F7556}") = "MarketPlace.ChatApi", "MarketPlace.ChatApi\MarketPlace.ChatApi\MarketPlace.ChatApi.csproj", "{347D7BB9-1485-476B-938D-421FB7689E0E}"
EndProject
Project("{9A19103F-16F7-4668-BE54-9A1E7A4F7556}") = "MarketPlace.IdentityApi", "MarketPlace.IdentityApi\MarketPlace.IdentityApi\MarketPlace.IdentityApi.csproj", "{39E9889B-1139-4EED-8BA1-A2B663B7CEDE}"
EndProject
Project("{9A19103F-16F7-4668-BE54-9A1E7A4F7556}") = "MarketPlace.IdentityData", "MarketPlace.IdentityData\MarketPlace.IdentityData\MarketPlace.IdentityData.csproj", "{8D29C8B6-148A-48B2-AF57-D9F7CA618181}"
EndProject
Project("{2150E333-8FDC-42A3-9474-1A3956D46DE8}") = "Solution Items", "Solution Items", "{491EBC1E-EF37-41EF-B717-206E19AC9606}"
	ProjectSection(SolutionItems) = preProject
		docker-compose.yml = docker-compose.yml
	EndProjectSection
EndProject
Project("{9A19103F-16F7-4668-BE54-9A1E7A4F7556}") = "MarketPlace.Organizations", "MarketPlace.Organizations\MarketPlace.Organizations.csproj", "{BFA21E7B-6E81-499A-A99C-124E9D208599}"
EndProject
Project("{9A19103F-16F7-4668-BE54-9A1E7A4F7556}") = "MarketPlace.ChatBlazor", "MarketPlace.ChatBlazor\MarketPlace.ChatBlazor.csproj", "{C9DD9E3F-A8E0-4074-90F4-A4854FC6B688}"
EndProject
Project("{9A19103F-16F7-4668-BE54-9A1E7A4F7556}") = "MarketPlace.Organizations.Blazor", "MarketPlace.Organizations.Blazor\MarketPlace.Organizations.Blazor.csproj", "{BCFB4A61-A445-4CE6-A930-EA45E1EB9AF8}"
EndProject
Project("{9A19103F-16F7-4668-BE54-9A1E7A4F7556}") = "MarketPlace.ProductsApi", "MarketPlace.ProductsApi\MarketPlace.ProductsApi.csproj", "{A2A8EB64-21B7-4FF5-8D6C-905773B4507F}"
EndProject
Project("{2150E333-8FDC-42A3-9474-1A3956D46DE8}") = "Fronts", "Fronts", "{1819258D-6296-4BDC-9CDF-21281066883E}"
EndProject
Project("{2150E333-8FDC-42A3-9474-1A3956D46DE8}") = "Data", "Data", "{89D16002-5758-47E4-9419-3EA74DE22F86}"
EndProject
Project("{2150E333-8FDC-42A3-9474-1A3956D46DE8}") = "Api", "Api", "{3173E278-43DE-4F6E-B101-6F33F88E90FE}"
EndProject
Project("{9A19103F-16F7-4668-BE54-9A1E7A4F7556}") = "MarketPlace.Product.Blazor", "MarketPlace.Product.Blazor\MarketPlace.Product.Blazor.csproj", "{715AEC3F-77D9-4821-BDD1-9DF4738976F3}"
EndProject
Project("{2150E333-8FDC-42A3-9474-1A3956D46DE8}") = "ApiGateways", "ApiGateways", "{49BE5B91-EF58-4780-B131-CA39B915D3C4}"
EndProject
Project("{9A19103F-16F7-4668-BE54-9A1E7A4F7556}") = "MarketPlace.Api", "MarketPlace.Api\MarketPlace.Api.csproj", "{CAF4E75F-9F59-4422-BCD6-2CFE44DB4A7A}"
EndProject
Project("{9A19103F-16F7-4668-BE54-9A1E7A4F7556}") = "MarketPlace.Organiations.Api", "MarketPlace.Organiations.Api\MarketPlace.Organiations.Api.csproj", "{1BEF45CF-98DA-4202-805F-57B43692852A}"
EndProject
Project("{2150E333-8FDC-42A3-9474-1A3956D46DE8}") = "Cache", "Cache", "{74FC0C93-76E2-4F44-95B2-1A89AB22AED7}"
EndProject
Project("{9A19103F-16F7-4668-BE54-9A1E7A4F7556}") = "MarketPlace.Blazor", "MarketPlace.Blazor\MarketPlace.Blazor.csproj", "{D8C2748B-06D9-4403-9321-0397EF8CA828}"
EndProject
Project("{FAE04EC0-301F-11D3-BF4B-00C04F79EFBC}") = "MarketPlace.CategoriesApi", "MarketPlace.CategoriesApi\MarketPlace.CategoriesApi.csproj", "{CF21E844-3A53-43A2-8411-5F3D4327A667}"
EndProject
Global
	GlobalSection(SolutionConfigurationPlatforms) = preSolution
		Debug|Any CPU = Debug|Any CPU
		Release|Any CPU = Release|Any CPU
	EndGlobalSection
	GlobalSection(ProjectConfigurationPlatforms) = postSolution
		{D512AE35-F3D6-4B0C-B18B-BE9639F03AEE}.Debug|Any CPU.ActiveCfg = Debug|Any CPU
		{D512AE35-F3D6-4B0C-B18B-BE9639F03AEE}.Debug|Any CPU.Build.0 = Debug|Any CPU
		{D512AE35-F3D6-4B0C-B18B-BE9639F03AEE}.Release|Any CPU.ActiveCfg = Release|Any CPU
		{D512AE35-F3D6-4B0C-B18B-BE9639F03AEE}.Release|Any CPU.Build.0 = Release|Any CPU
		{ADC3FD56-BA9F-450B-B60E-0AA3A1FC2B93}.Debug|Any CPU.ActiveCfg = Debug|Any CPU
		{ADC3FD56-BA9F-450B-B60E-0AA3A1FC2B93}.Debug|Any CPU.Build.0 = Debug|Any CPU
		{ADC3FD56-BA9F-450B-B60E-0AA3A1FC2B93}.Release|Any CPU.ActiveCfg = Release|Any CPU
		{ADC3FD56-BA9F-450B-B60E-0AA3A1FC2B93}.Release|Any CPU.Build.0 = Release|Any CPU
		{347D7BB9-1485-476B-938D-421FB7689E0E}.Debug|Any CPU.ActiveCfg = Debug|Any CPU
		{347D7BB9-1485-476B-938D-421FB7689E0E}.Debug|Any CPU.Build.0 = Debug|Any CPU
		{347D7BB9-1485-476B-938D-421FB7689E0E}.Release|Any CPU.ActiveCfg = Release|Any CPU
		{347D7BB9-1485-476B-938D-421FB7689E0E}.Release|Any CPU.Build.0 = Release|Any CPU
		{39E9889B-1139-4EED-8BA1-A2B663B7CEDE}.Debug|Any CPU.ActiveCfg = Debug|Any CPU
		{39E9889B-1139-4EED-8BA1-A2B663B7CEDE}.Debug|Any CPU.Build.0 = Debug|Any CPU
		{39E9889B-1139-4EED-8BA1-A2B663B7CEDE}.Release|Any CPU.ActiveCfg = Release|Any CPU
		{39E9889B-1139-4EED-8BA1-A2B663B7CEDE}.Release|Any CPU.Build.0 = Release|Any CPU
		{8D29C8B6-148A-48B2-AF57-D9F7CA618181}.Debug|Any CPU.ActiveCfg = Debug|Any CPU
		{8D29C8B6-148A-48B2-AF57-D9F7CA618181}.Debug|Any CPU.Build.0 = Debug|Any CPU
		{8D29C8B6-148A-48B2-AF57-D9F7CA618181}.Release|Any CPU.ActiveCfg = Release|Any CPU
		{8D29C8B6-148A-48B2-AF57-D9F7CA618181}.Release|Any CPU.Build.0 = Release|Any CPU
		{BFA21E7B-6E81-499A-A99C-124E9D208599}.Debug|Any CPU.ActiveCfg = Debug|Any CPU
		{BFA21E7B-6E81-499A-A99C-124E9D208599}.Debug|Any CPU.Build.0 = Debug|Any CPU
		{BFA21E7B-6E81-499A-A99C-124E9D208599}.Release|Any CPU.ActiveCfg = Release|Any CPU
		{BFA21E7B-6E81-499A-A99C-124E9D208599}.Release|Any CPU.Build.0 = Release|Any CPU
		{C9DD9E3F-A8E0-4074-90F4-A4854FC6B688}.Debug|Any CPU.ActiveCfg = Debug|Any CPU
		{C9DD9E3F-A8E0-4074-90F4-A4854FC6B688}.Debug|Any CPU.Build.0 = Debug|Any CPU
		{C9DD9E3F-A8E0-4074-90F4-A4854FC6B688}.Release|Any CPU.ActiveCfg = Release|Any CPU
		{C9DD9E3F-A8E0-4074-90F4-A4854FC6B688}.Release|Any CPU.Build.0 = Release|Any CPU
		{BCFB4A61-A445-4CE6-A930-EA45E1EB9AF8}.Debug|Any CPU.ActiveCfg = Debug|Any CPU
		{BCFB4A61-A445-4CE6-A930-EA45E1EB9AF8}.Debug|Any CPU.Build.0 = Debug|Any CPU
		{BCFB4A61-A445-4CE6-A930-EA45E1EB9AF8}.Release|Any CPU.ActiveCfg = Release|Any CPU
		{BCFB4A61-A445-4CE6-A930-EA45E1EB9AF8}.Release|Any CPU.Build.0 = Release|Any CPU
		{A2A8EB64-21B7-4FF5-8D6C-905773B4507F}.Debug|Any CPU.ActiveCfg = Debug|Any CPU
		{A2A8EB64-21B7-4FF5-8D6C-905773B4507F}.Debug|Any CPU.Build.0 = Debug|Any CPU
		{A2A8EB64-21B7-4FF5-8D6C-905773B4507F}.Release|Any CPU.ActiveCfg = Release|Any CPU
		{A2A8EB64-21B7-4FF5-8D6C-905773B4507F}.Release|Any CPU.Build.0 = Release|Any CPU
		{715AEC3F-77D9-4821-BDD1-9DF4738976F3}.Debug|Any CPU.ActiveCfg = Debug|Any CPU
		{715AEC3F-77D9-4821-BDD1-9DF4738976F3}.Debug|Any CPU.Build.0 = Debug|Any CPU
		{715AEC3F-77D9-4821-BDD1-9DF4738976F3}.Release|Any CPU.ActiveCfg = Release|Any CPU
		{715AEC3F-77D9-4821-BDD1-9DF4738976F3}.Release|Any CPU.Build.0 = Release|Any CPU
		{CAF4E75F-9F59-4422-BCD6-2CFE44DB4A7A}.Debug|Any CPU.ActiveCfg = Debug|Any CPU
		{CAF4E75F-9F59-4422-BCD6-2CFE44DB4A7A}.Debug|Any CPU.Build.0 = Debug|Any CPU
		{CAF4E75F-9F59-4422-BCD6-2CFE44DB4A7A}.Release|Any CPU.ActiveCfg = Release|Any CPU
		{CAF4E75F-9F59-4422-BCD6-2CFE44DB4A7A}.Release|Any CPU.Build.0 = Release|Any CPU
		{1BEF45CF-98DA-4202-805F-57B43692852A}.Debug|Any CPU.ActiveCfg = Debug|Any CPU
		{1BEF45CF-98DA-4202-805F-57B43692852A}.Debug|Any CPU.Build.0 = Debug|Any CPU
		{1BEF45CF-98DA-4202-805F-57B43692852A}.Release|Any CPU.ActiveCfg = Release|Any CPU
		{1BEF45CF-98DA-4202-805F-57B43692852A}.Release|Any CPU.Build.0 = Release|Any CPU
		{D8C2748B-06D9-4403-9321-0397EF8CA828}.Debug|Any CPU.ActiveCfg = Debug|Any CPU
		{D8C2748B-06D9-4403-9321-0397EF8CA828}.Debug|Any CPU.Build.0 = Debug|Any CPU
		{D8C2748B-06D9-4403-9321-0397EF8CA828}.Release|Any CPU.ActiveCfg = Release|Any CPU
		{D8C2748B-06D9-4403-9321-0397EF8CA828}.Release|Any CPU.Build.0 = Release|Any CPU
		{CF21E844-3A53-43A2-8411-5F3D4327A667}.Debug|Any CPU.ActiveCfg = Debug|Any CPU
		{CF21E844-3A53-43A2-8411-5F3D4327A667}.Debug|Any CPU.Build.0 = Debug|Any CPU
		{CF21E844-3A53-43A2-8411-5F3D4327A667}.Release|Any CPU.ActiveCfg = Release|Any CPU
		{CF21E844-3A53-43A2-8411-5F3D4327A667}.Release|Any CPU.Build.0 = Release|Any CPU
	EndGlobalSection
	GlobalSection(SolutionProperties) = preSolution
		HideSolutionNode = FALSE
	EndGlobalSection
	GlobalSection(NestedProjects) = preSolution
		{ADC3FD56-BA9F-450B-B60E-0AA3A1FC2B93} = {89D16002-5758-47E4-9419-3EA74DE22F86}
		{347D7BB9-1485-476B-938D-421FB7689E0E} = {3173E278-43DE-4F6E-B101-6F33F88E90FE}
		{39E9889B-1139-4EED-8BA1-A2B663B7CEDE} = {3173E278-43DE-4F6E-B101-6F33F88E90FE}
		{8D29C8B6-148A-48B2-AF57-D9F7CA618181} = {89D16002-5758-47E4-9419-3EA74DE22F86}
		{BFA21E7B-6E81-499A-A99C-124E9D208599} = {3173E278-43DE-4F6E-B101-6F33F88E90FE}
		{C9DD9E3F-A8E0-4074-90F4-A4854FC6B688} = {74FC0C93-76E2-4F44-95B2-1A89AB22AED7}
		{BCFB4A61-A445-4CE6-A930-EA45E1EB9AF8} = {1819258D-6296-4BDC-9CDF-21281066883E}
		{A2A8EB64-21B7-4FF5-8D6C-905773B4507F} = {3173E278-43DE-4F6E-B101-6F33F88E90FE}
		{715AEC3F-77D9-4821-BDD1-9DF4738976F3} = {74FC0C93-76E2-4F44-95B2-1A89AB22AED7}
		{CAF4E75F-9F59-4422-BCD6-2CFE44DB4A7A} = {49BE5B91-EF58-4780-B131-CA39B915D3C4}
		{1BEF45CF-98DA-4202-805F-57B43692852A} = {49BE5B91-EF58-4780-B131-CA39B915D3C4}
		{74FC0C93-76E2-4F44-95B2-1A89AB22AED7} = {1819258D-6296-4BDC-9CDF-21281066883E}
		{D8C2748B-06D9-4403-9321-0397EF8CA828} = {1819258D-6296-4BDC-9CDF-21281066883E}
		{CF21E844-3A53-43A2-8411-5F3D4327A667} = {3173E278-43DE-4F6E-B101-6F33F88E90FE}
	EndGlobalSection
	GlobalSection(ExtensibilityGlobals) = postSolution
		SolutionGuid = {16F569A6-46BB-478D-AA10-BA6A685883B5}
	EndGlobalSection
EndGlobal
